
Microsoft Visual Studio Solution File, Format Version 12.00
# Visual Studio Version 16
VisualStudioVersion = 16.0.31727.386
MinimumVisualStudioVersion = 10.0.40219.1
Project("{FAE04EC0-301F-11D3-BF4B-00C04F79EFBC}") = "Практическая работа 5", "Практическая работа 5\Практическая работа 5.csproj", "{13FB7FE1-C628-452C-8523-BAB883EFD47E}"
EndProject
Global
	GlobalSection(SolutionConfigurationPlatforms) = preSolution
		Debug|Any CPU = Debug|Any CPU
		Release|Any CPU = Release|Any CPU
	EndGlobalSection
	GlobalSection(ProjectConfigurationPlatforms) = postSolution
		{13FB7FE1-C628-452C-8523-BAB883EFD47E}.Debug|Any CPU.ActiveCfg = Debug|Any CPU
		{13FB7FE1-C628-452C-8523-BAB883EFD47E}.Debug|Any CPU.Build.0 = Debug|Any CPU
		{13FB7FE1-C628-452C-8523-BAB883EFD47E}.Release|Any CPU.ActiveCfg = Release|Any CPU
		{13FB7FE1-C628-452C-8523-BAB883EFD47E}.Release|Any CPU.Build.0 = Release|Any CPU
	EndGlobalSection
	GlobalSection(SolutionProperties) = preSolution
		HideSolutionNode = FALSE
	EndGlobalSection
	GlobalSection(ExtensibilityGlobals) = postSolution
		SolutionGuid = {E5FE9FA6-7711-4CD6-BFCB-920C2A5C5F91}
	EndGlobalSection
EndGlobal
